// !$*UTF8*$!
{
	archiveVersion = 1;
	classes = {
	};
	objectVersion = 55;
	objects = {

/* Begin PBXBuildFile section */
		47AD8B85280C56C40018915A /* UI_543App.swift in Sources */ = {isa = PBXBuildFile; fileRef = 47AD8B84280C56C40018915A /* UI_543App.swift */; };
		47AD8B87280C56C40018915A /* ContentView.swift in Sources */ = {isa = PBXBuildFile; fileRef = 47AD8B86280C56C40018915A /* ContentView.swift */; };
		47AD8B89280C56C60018915A /* Assets.xcassets in Resources */ = {isa = PBXBuildFile; fileRef = 47AD8B88280C56C60018915A /* Assets.xcassets */; };
		47AD8B8C280C56C60018915A /* Preview Assets.xcassets in Resources */ = {isa = PBXBuildFile; fileRef = 47AD8B8B280C56C60018915A /* Preview Assets.xcassets */; };
		47AD8B96280C56C60018915A /* UI_543Tests.swift in Sources */ = {isa = PBXBuildFile; fileRef = 47AD8B95280C56C60018915A /* UI_543Tests.swift */; };
		47AD8BA0280C56C60018915A /* UI_543UITests.swift in Sources */ = {isa = PBXBuildFile; fileRef = 47AD8B9F280C56C60018915A /* UI_543UITests.swift */; };
		47AD8BA2280C56C60018915A /* UI_543UITestsLaunchTests.swift in Sources */ = {isa = PBXBuildFile; fileRef = 47AD8BA1280C56C60018915A /* UI_543UITestsLaunchTests.swift */; };
		47AD8BB0280C56D90018915A /* Home.swift in Sources */ = {isa = PBXBuildFile; fileRef = 47AD8BAF280C56D90018915A /* Home.swift */; };
		47AD8BB3280C56FA0018915A /* CameraViewModel.swift in Sources */ = {isa = PBXBuildFile; fileRef = 47AD8BB2280C56FA0018915A /* CameraViewModel.swift */; };
		47AD8BB5280C5B220018915A /* CameraPreView.swift in Sources */ = {isa = PBXBuildFile; fileRef = 47AD8BB4280C5B220018915A /* CameraPreView.swift */; };
/* End PBXBuildFile section */

/* Begin PBXContainerItemProxy section */
		47AD8B92280C56C60018915A /* PBXContainerItemProxy */ = {
			isa = PBXContainerItemProxy;
			containerPortal = 47AD8B79280C56C40018915A /* Project object */;
			proxyType = 1;
			remoteGlobalIDString = 47AD8B80280C56C40018915A;
			remoteInfo = "UI-543";
		};
		47AD8B9C280C56C60018915A /* PBXContainerItemProxy */ = {
			isa = PBXContainerItemProxy;
			containerPortal = 47AD8B79280C56C40018915A /* Project object */;
			proxyType = 1;
			remoteGlobalIDString = 47AD8B80280C56C40018915A;
			remoteInfo = "UI-543";
		};
/* End PBXContainerItemProxy section */

/* Begin PBXFileReference section */
		47AD8B81280C56C40018915A /* UI-543.app */ = {isa = PBXFileReference; explicitFileType = wrapper.application; includeInIndex = 0; path = "UI-543.app"; sourceTree = BUILT_PRODUCTS_DIR; };
		47AD8B84280C56C40018915A /* UI_543App.swift */ = {isa = PBXFileReference; lastKnownFileType = sourcecode.swift; path = UI_543App.swift; sourceTree = "<group>"; };
		47AD8B86280C56C40018915A /* ContentView.swift */ = {isa = PBXFileReference; lastKnownFileType = sourcecode.swift; path = ContentView.swift; sourceTree = "<group>"; };
		47AD8B88280C56C60018915A /* Assets.xcassets */ = {isa = PBXFileReference; lastKnownFileType = folder.assetcatalog; path = Assets.xcassets; sourceTree = "<group>"; };
		47AD8B8B280C56C60018915A /* Preview Assets.xcassets */ = {isa = PBXFileReference; lastKnownFileType = folder.assetcatalog; path = "Preview Assets.xcassets"; sourceTree = "<group>"; };
		47AD8B91280C56C60018915A /* UI-543Tests.xctest */ = {isa = PBXFileReference; explicitFileType = wrapper.cfbundle; includeInIndex = 0; path = "UI-543Tests.xctest"; sourceTree = BUILT_PRODUCTS_DIR; };
		47AD8B95280C56C60018915A /* UI_543Tests.swift */ = {isa = PBXFileReference; lastKnownFileType = sourcecode.swift; path = UI_543Tests.swift; sourceTree = "<group>"; };
		47AD8B9B280C56C60018915A /* UI-543UITests.xctest */ = {isa = PBXFileReference; explicitFileType = wrapper.cfbundle; includeInIndex = 0; path = "UI-543UITests.xctest"; sourceTree = BUILT_PRODUCTS_DIR; };
		47AD8B9F280C56C60018915A /* UI_543UITests.swift */ = {isa = PBXFileReference; lastKnownFileType = sourcecode.swift; path = UI_543UITests.swift; sourceTree = "<group>"; };
		47AD8BA1280C56C60018915A /* UI_543UITestsLaunchTests.swift */ = {isa = PBXFileReference; lastKnownFileType = sourcecode.swift; path = UI_543UITestsLaunchTests.swift; sourceTree = "<group>"; };
		47AD8BAF280C56D90018915A /* Home.swift */ = {isa = PBXFileReference; lastKnownFileType = sourcecode.swift; path = Home.swift; sourceTree = "<group>"; };
		47AD8BB2280C56FA0018915A /* CameraViewModel.swift */ = {isa = PBXFileReference; lastKnownFileType = sourcecode.swift; path = CameraViewModel.swift; sourceTree = "<group>"; };
		47AD8BB4280C5B220018915A /* CameraPreView.swift */ = {isa = PBXFileReference; lastKnownFileType = sourcecode.swift; path = CameraPreView.swift; sourceTree = "<group>"; };
/* End PBXFileReference section */

/* Begin PBXFrameworksBuildPhase section */
		47AD8B7E280C56C40018915A /* Frameworks */ = {
			isa = PBXFrameworksBuildPhase;
			buildActionMask = 2147483647;
			files = (
			);
			runOnlyForDeploymentPostprocessing = 0;
		};
		47AD8B8E280C56C60018915A /* Frameworks */ = {
			isa = PBXFrameworksBuildPhase;
			buildActionMask = 2147483647;
			files = (
			);
			runOnlyForDeploymentPostprocessing = 0;
		};
		47AD8B98280C56C60018915A /* Frameworks */ = {
			isa = PBXFrameworksBuildPhase;
			buildActionMask = 2147483647;
			files = (
			);
			runOnlyForDeploymentPostprocessing = 0;
		};
/* End PBXFrameworksBuildPhase section */

/* Begin PBXGroup section */
		47AD8B78280C56C40018915A = {
			isa = PBXGroup;
			children = (
				47AD8B83280C56C40018915A /* UI-543 */,
				47AD8B94280C56C60018915A /* UI-543Tests */,
				47AD8B9E280C56C60018915A /* UI-543UITests */,
				47AD8B82280C56C40018915A /* Products */,
			);
			sourceTree = "<group>";
		};
		47AD8B82280C56C40018915A /* Products */ = {
			isa = PBXGroup;
			children = (
				47AD8B81280C56C40018915A /* UI-543.app */,
				47AD8B91280C56C60018915A /* UI-543Tests.xctest */,
				47AD8B9B280C56C60018915A /* UI-543UITests.xctest */,
			);
			name = Products;
			sourceTree = "<group>";
		};
		47AD8B83280C56C40018915A /* UI-543 */ = {
			isa = PBXGroup;
			children = (
				47AD8BB1280C56F00018915A /* ViewModel */,
				47AD8BAE280C56D40018915A /* View */,
				47AD8B84280C56C40018915A /* UI_543App.swift */,
				47AD8B86280C56C40018915A /* ContentView.swift */,
				47AD8B88280C56C60018915A /* Assets.xcassets */,
				47AD8B8A280C56C60018915A /* Preview Content */,
			);
			path = "UI-543";
			sourceTree = "<group>";
		};
		47AD8B8A280C56C60018915A /* Preview Content */ = {
			isa = PBXGroup;
			children = (
				47AD8B8B280C56C60018915A /* Preview Assets.xcassets */,
			);
			path = "Preview Content";
			sourceTree = "<group>";
		};
		47AD8B94280C56C60018915A /* UI-543Tests */ = {
			isa = PBXGroup;
			children = (
				47AD8B95280C56C60018915A /* UI_543Tests.swift */,
			);
			path = "UI-543Tests";
			sourceTree = "<group>";
		};
		47AD8B9E280C56C60018915A /* UI-543UITests */ = {
			isa = PBXGroup;
			children = (
				47AD8B9F280C56C60018915A /* UI_543UITests.swift */,
				47AD8BA1280C56C60018915A /* UI_543UITestsLaunchTests.swift */,
			);
			path = "UI-543UITests";
			sourceTree = "<group>";
		};
		47AD8BAE280C56D40018915A /* View */ = {
			isa = PBXGroup;
			children = (
				47AD8BAF280C56D90018915A /* Home.swift */,
				47AD8BB4280C5B220018915A /* CameraPreView.swift */,
			);
			path = View;
			sourceTree = "<group>";
		};
		47AD8BB1280C56F00018915A /* ViewModel */ = {
			isa = PBXGroup;
			children = (
				47AD8BB2280C56FA0018915A /* CameraViewModel.swift */,
			);
			path = ViewModel;
			sourceTree = "<group>";
		};
/* End PBXGroup section */

/* Begin PBXNativeTarget section */
		47AD8B80280C56C40018915A /* UI-543 */ = {
			isa = PBXNativeTarget;
			buildConfigurationList = 47AD8BA5280C56C60018915A /* Build configuration list for PBXNativeTarget "UI-543" */;
			buildPhases = (
				47AD8B7D280C56C40018915A /* Sources */,
				47AD8B7E280C56C40018915A /* Frameworks */,
				47AD8B7F280C56C40018915A /* Resources */,
			);
			buildRules = (
			);
			dependencies = (
			);
			name = "UI-543";
			productName = "UI-543";
			productReference = 47AD8B81280C56C40018915A /* UI-543.app */;
			productType = "com.apple.product-type.application";
		};
		47AD8B90280C56C60018915A /* UI-543Tests */ = {
			isa = PBXNativeTarget;
			buildConfigurationList = 47AD8BA8280C56C60018915A /* Build configuration list for PBXNativeTarget "UI-543Tests" */;
			buildPhases = (
				47AD8B8D280C56C60018915A /* Sources */,
				47AD8B8E280C56C60018915A /* Frameworks */,
				47AD8B8F280C56C60018915A /* Resources */,
			);
			buildRules = (
			);
			dependencies = (
				47AD8B93280C56C60018915A /* PBXTargetDependency */,
			);
			name = "UI-543Tests";
			productName = "UI-543Tests";
			productReference = 47AD8B91280C56C60018915A /* UI-543Tests.xctest */;
			productType = "com.apple.product-type.bundle.unit-test";
		};
		47AD8B9A280C56C60018915A /* UI-543UITests */ = {
			isa = PBXNativeTarget;
			buildConfigurationList = 47AD8BAB280C56C60018915A /* Build configuration list for PBXNativeTarget "UI-543UITests" */;
			buildPhases = (
				47AD8B97280C56C60018915A /* Sources */,
				47AD8B98280C56C60018915A /* Frameworks */,
				47AD8B99280C56C60018915A /* Resources */,
			);
			buildRules = (
			);
			dependencies = (
				47AD8B9D280C56C60018915A /* PBXTargetDependency */,
			);
			name = "UI-543UITests";
			productName = "UI-543UITests";
			productReference = 47AD8B9B280C56C60018915A /* UI-543UITests.xctest */;
			productType = "com.apple.product-type.bundle.ui-testing";
		};
/* End PBXNativeTarget section */

/* Begin PBXProject section */
		47AD8B79280C56C40018915A /* Project object */ = {
			isa = PBXProject;
			attributes = {
				BuildIndependentTargetsInParallel = 1;
				LastSwiftUpdateCheck = 1330;
				LastUpgradeCheck = 1330;
				TargetAttributes = {
					47AD8B80280C56C40018915A = {
						CreatedOnToolsVersion = 13.3;
					};
					47AD8B90280C56C60018915A = {
						CreatedOnToolsVersion = 13.3;
						TestTargetID = 47AD8B80280C56C40018915A;
					};
					47AD8B9A280C56C60018915A = {
						CreatedOnToolsVersion = 13.3;
						TestTargetID = 47AD8B80280C56C40018915A;
					};
				};
			};
			buildConfigurationList = 47AD8B7C280C56C40018915A /* Build configuration list for PBXProject "UI-543" */;
			compatibilityVersion = "Xcode 13.0";
			developmentRegion = en;
			hasScannedForEncodings = 0;
			knownRegions = (
				en,
				Base,
			);
			mainGroup = 47AD8B78280C56C40018915A;
			productRefGroup = 47AD8B82280C56C40018915A /* Products */;
			projectDirPath = "";
			projectRoot = "";
			targets = (
				47AD8B80280C56C40018915A /* UI-543 */,
				47AD8B90280C56C60018915A /* UI-543Tests */,
				47AD8B9A280C56C60018915A /* UI-543UITests */,
			);
		};
/* End PBXProject section */

/* Begin PBXResourcesBuildPhase section */
		47AD8B7F280C56C40018915A /* Resources */ = {
			isa = PBXResourcesBuildPhase;
			buildActionMask = 2147483647;
			files = (
				47AD8B8C280C56C60018915A /* Preview Assets.xcassets in Resources */,
				47AD8B89280C56C60018915A /* Assets.xcassets in Resources */,
			);
			runOnlyForDeploymentPostprocessing = 0;
		};
		47AD8B8F280C56C60018915A /* Resources */ = {
			isa = PBXResourcesBuildPhase;
			buildActionMask = 2147483647;
			files = (
			);
			runOnlyForDeploymentPostprocessing = 0;
		};
		47AD8B99280C56C60018915A /* Resources */ = {
			isa = PBXResourcesBuildPhase;
			buildActionMask = 2147483647;
			files = (
			);
			runOnlyForDeploymentPostprocessing = 0;
		};
/* End PBXResourcesBuildPhase section */

/* Begin PBXSourcesBuildPhase section */
		47AD8B7D280C56C40018915A /* Sources */ = {
			isa = PBXSourcesBuildPhase;
			buildActionMask = 2147483647;
			files = (
				47AD8B87280C56C40018915A /* ContentView.swift in Sources */,
				47AD8BB3280C56FA0018915A /* CameraViewModel.swift in Sources */,
				47AD8BB5280C5B220018915A /* CameraPreView.swift in Sources */,
				47AD8BB0280C56D90018915A /* Home.swift in Sources */,
				47AD8B85280C56C40018915A /* UI_543App.swift in Sources */,
			);
			runOnlyForDeploymentPostprocessing = 0;
		};
		47AD8B8D280C56C60018915A /* Sources */ = {
			isa = PBXSourcesBuildPhase;
			buildActionMask = 2147483647;
			files = (
				47AD8B96280C56C60018915A /* UI_543Tests.swift in Sources */,
			);
			runOnlyForDeploymentPostprocessing = 0;
		};
		47AD8B97280C56C60018915A /* Sources */ = {
			isa = PBXSourcesBuildPhase;
			buildActionMask = 2147483647;
			files = (
				47AD8BA0280C56C60018915A /* UI_543UITests.swift in Sources */,
				47AD8BA2280C56C60018915A /* UI_543UITestsLaunchTests.swift in Sources */,
			);
			runOnlyForDeploymentPostprocessing = 0;
		};
/* End PBXSourcesBuildPhase section */

/* Begin PBXTargetDependency section */
		47AD8B93280C56C60018915A /* PBXTargetDependency */ = {
			isa = PBXTargetDependency;
			target = 47AD8B80280C56C40018915A /* UI-543 */;
			targetProxy = 47AD8B92280C56C60018915A /* PBXContainerItemProxy */;
		};
		47AD8B9D280C56C60018915A /* PBXTargetDependency */ = {
			isa = PBXTargetDependency;
			target = 47AD8B80280C56C40018915A /* UI-543 */;
			targetProxy = 47AD8B9C280C56C60018915A /* PBXContainerItemProxy */;
		};
/* End PBXTargetDependency section */

/* Begin XCBuildConfiguration section */
		47AD8BA3280C56C60018915A /* Debug */ = {
			isa = XCBuildConfiguration;
			buildSettings = {
				ALWAYS_SEARCH_USER_PATHS = NO;
				CLANG_ANALYZER_NONNULL = YES;
				CLANG_ANALYZER_NUMBER_OBJECT_CONVERSION = YES_AGGRESSIVE;
				CLANG_CXX_LANGUAGE_STANDARD = "gnu++17";
				CLANG_ENABLE_MODULES = YES;
				CLANG_ENABLE_OBJC_ARC = YES;
				CLANG_ENABLE_OBJC_WEAK = YES;
				CLANG_WARN_BLOCK_CAPTURE_AUTORELEASING = YES;
				CLANG_WARN_BOOL_CONVERSION = YES;
				CLANG_WARN_COMMA = YES;
				CLANG_WARN_CONSTANT_CONVERSION = YES;
				CLANG_WARN_DEPRECATED_OBJC_IMPLEMENTATIONS = YES;
				CLANG_WARN_DIRECT_OBJC_ISA_USAGE = YES_ERROR;
				CLANG_WARN_DOCUMENTATION_COMMENTS = YES;
				CLANG_WARN_EMPTY_BODY = YES;
				CLANG_WARN_ENUM_CONVERSION = YES;
				CLANG_WARN_INFINITE_RECURSION = YES;
				CLANG_WARN_INT_CONVERSION = YES;
				CLANG_WARN_NON_LITERAL_NULL_CONVERSION = YES;
				CLANG_WARN_OBJC_IMPLICIT_RETAIN_SELF = YES;
				CLANG_WARN_OBJC_LITERAL_CONVERSION = YES;
				CLANG_WARN_OBJC_ROOT_CLASS = YES_ERROR;
				CLANG_WARN_QUOTED_INCLUDE_IN_FRAMEWORK_HEADER = YES;
				CLANG_WARN_RANGE_LOOP_ANALYSIS = YES;
				CLANG_WARN_STRICT_PROTOTYPES = YES;
				CLANG_WARN_SUSPICIOUS_MOVE = YES;
				CLANG_WARN_UNGUARDED_AVAILABILITY = YES_AGGRESSIVE;
				CLANG_WARN_UNREACHABLE_CODE = YES;
				CLANG_WARN__DUPLICATE_METHOD_MATCH = YES;
				COPY_PHASE_STRIP = NO;
				DEBUG_INFORMATION_FORMAT = dwarf;
				ENABLE_STRICT_OBJC_MSGSEND = YES;
				ENABLE_TESTABILITY = YES;
				GCC_C_LANGUAGE_STANDARD = gnu11;
				GCC_DYNAMIC_NO_PIC = NO;
				GCC_NO_COMMON_BLOCKS = YES;
				GCC_OPTIMIZATION_LEVEL = 0;
				GCC_PREPROCESSOR_DEFINITIONS = (
					"DEBUG=1",
					"$(inherited)",
				);
				GCC_WARN_64_TO_32_BIT_CONVERSION = YES;
				GCC_WARN_ABOUT_RETURN_TYPE = YES_ERROR;
				GCC_WARN_UNDECLARED_SELECTOR = YES;
				GCC_WARN_UNINITIALIZED_AUTOS = YES_AGGRESSIVE;
				GCC_WARN_UNUSED_FUNCTION = YES;
				GCC_WARN_UNUSED_VARIABLE = YES;
				IPHONEOS_DEPLOYMENT_TARGET = 15.4;
				MTL_ENABLE_DEBUG_INFO = INCLUDE_SOURCE;
				MTL_FAST_MATH = YES;
				ONLY_ACTIVE_ARCH = YES;
				SDKROOT = iphoneos;
				SWIFT_ACTIVE_COMPILATION_CONDITIONS = DEBUG;
				SWIFT_OPTIMIZATION_LEVEL = "-Onone";
			};
			name = Debug;
		};
		47AD8BA4280C56C60018915A /* Release */ = {
			isa = XCBuildConfiguration;
			buildSettings = {
				ALWAYS_SEARCH_USER_PATHS = NO;
				CLANG_ANALYZER_NONNULL = YES;
				CLANG_ANALYZER_NUMBER_OBJECT_CONVERSION = YES_AGGRESSIVE;
				CLANG_CXX_LANGUAGE_STANDARD = "gnu++17";
				CLANG_ENABLE_MODULES = YES;
				CLANG_ENABLE_OBJC_ARC = YES;
				CLANG_ENABLE_OBJC_WEAK = YES;
				CLANG_WARN_BLOCK_CAPTURE_AUTORELEASING = YES;
				CLANG_WARN_BOOL_CONVERSION = YES;
				CLANG_WARN_COMMA = YES;
				CLANG_WARN_CONSTANT_CONVERSION = YES;
				CLANG_WARN_DEPRECATED_OBJC_IMPLEMENTATIONS = YES;
				CLANG_WARN_DIRECT_OBJC_ISA_USAGE = YES_ERROR;
				CLANG_WARN_DOCUMENTATION_COMMENTS = YES;
				CLANG_WARN_EMPTY_BODY = YES;
				CLANG_WARN_ENUM_CONVERSION = YES;
				CLANG_WARN_INFINITE_RECURSION = YES;
				CLANG_WARN_INT_CONVERSION = YES;
				CLANG_WARN_NON_LITERAL_NULL_CONVERSION = YES;
				CLANG_WARN_OBJC_IMPLICIT_RETAIN_SELF = YES;
				CLANG_WARN_OBJC_LITERAL_CONVERSION = YES;
				CLANG_WARN_OBJC_ROOT_CLASS = YES_ERROR;
				CLANG_WARN_QUOTED_INCLUDE_IN_FRAMEWORK_HEADER = YES;
				CLANG_WARN_RANGE_LOOP_ANALYSIS = YES;
				CLANG_WARN_STRICT_PROTOTYPES = YES;
				CLANG_WARN_SUSPICIOUS_MOVE = YES;
				CLANG_WARN_UNGUARDED_AVAILABILITY = YES_AGGRESSIVE;
				CLANG_WARN_UNREACHABLE_CODE = YES;
				CLANG_WARN__DUPLICATE_METHOD_MATCH = YES;
				COPY_PHASE_STRIP = NO;
				DEBUG_INFORMATION_FORMAT = "dwarf-with-dsym";
				ENABLE_NS_ASSERTIONS = NO;
				ENABLE_STRICT_OBJC_MSGSEND = YES;
				GCC_C_LANGUAGE_STANDARD = gnu11;
				GCC_NO_COMMON_BLOCKS = YES;
				GCC_WARN_64_TO_32_BIT_CONVERSION = YES;
				GCC_WARN_ABOUT_RETURN_TYPE = YES_ERROR;
				GCC_WARN_UNDECLARED_SELECTOR = YES;
				GCC_WARN_UNINITIALIZED_AUTOS = YES_AGGRESSIVE;
				GCC_WARN_UNUSED_FUNCTION = YES;
				GCC_WARN_UNUSED_VARIABLE = YES;
				IPHONEOS_DEPLOYMENT_TARGET = 15.4;
				MTL_ENABLE_DEBUG_INFO = NO;
				MTL_FAST_MATH = YES;
				SDKROOT = iphoneos;
				SWIFT_COMPILATION_MODE = wholemodule;
				SWIFT_OPTIMIZATION_LEVEL = "-O";
				VALIDATE_PRODUCT = YES;
			};
			name = Release;
		};
		47AD8BA6280C56C60018915A /* Debug */ = {
			isa = XCBuildConfiguration;
			buildSettings = {
				ASSETCATALOG_COMPILER_APPICON_NAME = AppIcon;
				ASSETCATALOG_COMPILER_GLOBAL_ACCENT_COLOR_NAME = AccentColor;
				CODE_SIGN_STYLE = Automatic;
				CURRENT_PROJECT_VERSION = 1;
				DEVELOPMENT_ASSET_PATHS = "\"UI-543/Preview Content\"";
				DEVELOPMENT_TEAM = 8CL4U468K5;
				ENABLE_PREVIEWS = YES;
				GENERATE_INFOPLIST_FILE = YES;
				INFOPLIST_KEY_LSApplicationCategoryType = "";
				INFOPLIST_KEY_UIApplicationSceneManifest_Generation = YES;
				INFOPLIST_KEY_UIApplicationSupportsIndirectInputEvents = YES;
				INFOPLIST_KEY_UILaunchScreen_Generation = YES;
				INFOPLIST_KEY_UISupportedInterfaceOrientations_iPad = "UIInterfaceOrientationPortrait UIInterfaceOrientationPortraitUpsideDown UIInterfaceOrientationLandscapeLeft UIInterfaceOrientationLandscapeRight";
				INFOPLIST_KEY_UISupportedInterfaceOrientations_iPhone = "UIInterfaceOrientationPortrait UIInterfaceOrientationLandscapeLeft UIInterfaceOrientationLandscapeRight";
				LD_RUNPATH_SEARCH_PATHS = (
					"$(inherited)",
					"@executable_path/Frameworks",
				);
				MARKETING_VERSION = 1.0;
				PRODUCT_BUNDLE_IDENTIFIER = "com.585.UI-543";
				PRODUCT_NAME = "$(TARGET_NAME)";
				SWIFT_EMIT_LOC_STRINGS = YES;
				SWIFT_VERSION = 5.0;
				TARGETED_DEVICE_FAMILY = "1,2";
			};
			name = Debug;
		};
		47AD8BA7280C56C60018915A /* Release */ = {
			isa = XCBuildConfiguration;
			buildSettings = {
				ASSETCATALOG_COMPILER_APPICON_NAME = AppIcon;
				ASSETCATALOG_COMPILER_GLOBAL_ACCENT_COLOR_NAME = AccentColor;
				CODE_SIGN_STYLE = Automatic;
				CURRENT_PROJECT_VERSION = 1;
				DEVELOPMENT_ASSET_PATHS = "\"UI-543/Preview Content\"";
				DEVELOPMENT_TEAM = 8CL4U468K5;
				ENABLE_PREVIEWS = YES;
				GENERATE_INFOPLIST_FILE = YES;
				INFOPLIST_KEY_LSApplicationCategoryType = "";
				INFOPLIST_KEY_UIApplicationSceneManifest_Generation = YES;
				INFOPLIST_KEY_UIApplicationSupportsIndirectInputEvents = YES;
				INFOPLIST_KEY_UILaunchScreen_Generation = YES;
				INFOPLIST_KEY_UISupportedInterfaceOrientations_iPad = "UIInterfaceOrientationPortrait UIInterfaceOrientationPortraitUpsideDown UIInterfaceOrientationLandscapeLeft UIInterfaceOrientationLandscapeRight";
				INFOPLIST_KEY_UISupportedInterfaceOrientations_iPhone = "UIInterfaceOrientationPortrait UIInterfaceOrientationLandscapeLeft UIInterfaceOrientationLandscapeRight";
				LD_RUNPATH_SEARCH_PATHS = (
					"$(inherited)",
					"@executable_path/Frameworks",
				);
				MARKETING_VERSION = 1.0;
				PRODUCT_BUNDLE_IDENTIFIER = "com.585.UI-543";
				PRODUCT_NAME = "$(TARGET_NAME)";
				SWIFT_EMIT_LOC_STRINGS = YES;
				SWIFT_VERSION = 5.0;
				TARGETED_DEVICE_FAMILY = "1,2";
			};
			name = Release;
		};
		47AD8BA9280C56C60018915A /* Debug */ = {
			isa = XCBuildConfiguration;
			buildSettings = {
				ALWAYS_EMBED_SWIFT_STANDARD_LIBRARIES = YES;
				BUNDLE_LOADER = "$(TEST_HOST)";
				CODE_SIGN_STYLE = Automatic;
				CURRENT_PROJECT_VERSION = 1;
				DEVELOPMENT_TEAM = 8CL4U468K5;
				GENERATE_INFOPLIST_FILE = YES;
				IPHONEOS_DEPLOYMENT_TARGET = 15.4;
				MARKETING_VERSION = 1.0;
				PRODUCT_BUNDLE_IDENTIFIER = "com.585.UI-543Tests";
				PRODUCT_NAME = "$(TARGET_NAME)";
				SWIFT_EMIT_LOC_STRINGS = NO;
				SWIFT_VERSION = 5.0;
				TARGETED_DEVICE_FAMILY = "1,2";
				TEST_HOST = "$(BUILT_PRODUCTS_DIR)/UI-543.app/UI-543";
			};
			name = Debug;
		};
		47AD8BAA280C56C60018915A /* Release */ = {
			isa = XCBuildConfiguration;
			buildSettings = {
				ALWAYS_EMBED_SWIFT_STANDARD_LIBRARIES = YES;
				BUNDLE_LOADER = "$(TEST_HOST)";
				CODE_SIGN_STYLE = Automatic;
				CURRENT_PROJECT_VERSION = 1;
				DEVELOPMENT_TEAM = 8CL4U468K5;
				GENERATE_INFOPLIST_FILE = YES;
				IPHONEOS_DEPLOYMENT_TARGET = 15.4;
				MARKETING_VERSION = 1.0;
				PRODUCT_BUNDLE_IDENTIFIER = "com.585.UI-543Tests";
				PRODUCT_NAME = "$(TARGET_NAME)";
				SWIFT_EMIT_LOC_STRINGS = NO;
				SWIFT_VERSION = 5.0;
				TARGETED_DEVICE_FAMILY = "1,2";
				TEST_HOST = "$(BUILT_PRODUCTS_DIR)/UI-543.app/UI-543";
			};
			name = Release;
		};
		47AD8BAC280C56C60018915A /* Debug */ = {
			isa = XCBuildConfiguration;
			buildSettings = {
				ALWAYS_EMBED_SWIFT_STANDARD_LIBRARIES = YES;
				CODE_SIGN_STYLE = Automatic;
				CURRENT_PROJECT_VERSION = 1;
				DEVELOPMENT_TEAM = 8CL4U468K5;
				GENERATE_INFOPLIST_FILE = YES;
				MARKETING_VERSION = 1.0;
				PRODUCT_BUNDLE_IDENTIFIER = "com.585.UI-543UITests";
				PRODUCT_NAME = "$(TARGET_NAME)";
				SWIFT_EMIT_LOC_STRINGS = NO;
				SWIFT_VERSION = 5.0;
				TARGETED_DEVICE_FAMILY = "1,2";
				TEST_TARGET_NAME = "UI-543";
			};
			name = Debug;
		};
		47AD8BAD280C56C60018915A /* Release */ = {
			isa = XCBuildConfiguration;
			buildSettings = {
				ALWAYS_EMBED_SWIFT_STANDARD_LIBRARIES = YES;
				CODE_SIGN_STYLE = Automatic;
				CURRENT_PROJECT_VERSION = 1;
				DEVELOPMENT_TEAM = 8CL4U468K5;
				GENERATE_INFOPLIST_FILE = YES;
				MARKETING_VERSION = 1.0;
				PRODUCT_BUNDLE_IDENTIFIER = "com.585.UI-543UITests";
				PRODUCT_NAME = "$(TARGET_NAME)";
				SWIFT_EMIT_LOC_STRINGS = NO;
				SWIFT_VERSION = 5.0;
				TARGETED_DEVICE_FAMILY = "1,2";
				TEST_TARGET_NAME = "UI-543";
			};
			name = Release;
		};
/* End XCBuildConfiguration section */

/* Begin XCConfigurationList section */
		47AD8B7C280C56C40018915A /* Build configuration list for PBXProject "UI-543" */ = {
			isa = XCConfigurationList;
			buildConfigurations = (
				47AD8BA3280C56C60018915A /* Debug */,
				47AD8BA4280C56C60018915A /* Release */,
			);
			defaultConfigurationIsVisible = 0;
			defaultConfigurationName = Release;
		};
		47AD8BA5280C56C60018915A /* Build configuration list for PBXNativeTarget "UI-543" */ = {
			isa = XCConfigurationList;
			buildConfigurations = (
				47AD8BA6280C56C60018915A /* Debug */,
				47AD8BA7280C56C60018915A /* Release */,
			);
			defaultConfigurationIsVisible = 0;
			defaultConfigurationName = Release;
		};
		47AD8BA8280C56C60018915A /* Build configuration list for PBXNativeTarget "UI-543Tests" */ = {
			isa = XCConfigurationList;
			buildConfigurations = (
				47AD8BA9280C56C60018915A /* Debug */,
				47AD8BAA280C56C60018915A /* Release */,
			);
			defaultConfigurationIsVisible = 0;
			defaultConfigurationName = Release;
		};
		47AD8BAB280C56C60018915A /* Build configuration list for PBXNativeTarget "UI-543UITests" */ = {
			isa = XCConfigurationList;
			buildConfigurations = (
				47AD8BAC280C56C60018915A /* Debug */,
				47AD8BAD280C56C60018915A /* Release */,
			);
			defaultConfigurationIsVisible = 0;
			defaultConfigurationName = Release;
		};
/* End XCConfigurationList section */
	};
	rootObject = 47AD8B79280C56C40018915A /* Project object */;
}
